# This file was autogenerated by Stack.
# You should not edit this file by hand.
# For more information, please see the documentation at:
#   https://docs.haskellstack.org/en/stable/lock_files

packages: []
snapshots:
- completed:
    sha256: 67e08280ceafd075b666f80c95d0962f41ba938c85dfcf8bf37cb77fdf93bc23
    size: 621458
    url: https://raw.githubusercontent.com/commercialhaskell/stackage-snapshots/master/nightly/2024/3/27.yaml
  original: nightly-2024-03-27
