# This file was autogenerated by Stack.
# You should not edit this file by hand.
# For more information, please see the documentation at:
#   https://docs.haskellstack.org/en/stable/lock_files

packages:
- completed:
    hackage: exceptions-0.10.7@sha256:a85a0fc00c7eb309f7f8fef84f8c8d915d16b416b9dbfa803b5718a9960aff93,2808
    pantry-tree:
      sha256: f1e5cfea9e9c8af9598f9fe2e61e4e5200f03a4a3a4b8962eac492905e220e05
      size: 739
  original:
    hackage: exceptions-0.10.7
- completed:
    hackage: hedgehog-1.2@sha256:cb20b0f1dad7a7e4461085ea2d8ef084a19d0d5f137133bf88d1fd2f7ce9a5aa,4561
    pantry-tree:
      sha256: 6b7dd0b695855ea1257f2c011f8aa1340eb83a38991260bd8ed68caf7e49d026
      size: 2713
  original:
    hackage: hedgehog-1.2
- completed:
    hackage: mtl-2.3.1@sha256:5377696d7315e2ef31a8d15d67b22d733c20cac2caf8b26756ff8524c8217e6d,1868
    pantry-tree:
      sha256: ac3cf1dc9ef397512d4bf8f2c3fbe4d64fb8aabd253288b34bf86c09ae234d4f
      size: 1853
  original:
    hackage: mtl-2.3.1
- completed:
    hackage: tasty-hedgehog-1.4.0.0@sha256:d29ba1e363d9d41da5b34d4f320ab761cbc9c19fda6091d2d650351604c2d9aa,1795
    pantry-tree:
      sha256: 09f98219ca1126df1086dec3ce9ccd339f61b300b06ba5f5ffc87c9c52902871
      size: 331
  original:
    hackage: tasty-hedgehog-1.4.0.0
- completed:
    hackage: transformers-0.6.1.0@sha256:7e7feea5fc9071375a973a48290fee6664e3eba38eb7028ce04850911f1ad0d4,3146
    pantry-tree:
      sha256: d3c0d29caf4101796285ba7853052dc370f204e7271738296ee68b114ae917ef
      size: 2376
  original:
    hackage: transformers-0.6.1.0
snapshots:
- completed:
    sha256: 5a59b2a405b3aba3c00188453be172b85893cab8ebc352b1ef58b0eae5d248a2
    size: 650475
    url: https://raw.githubusercontent.com/commercialhaskell/stackage-snapshots/master/lts/20/26.yaml
  original: lts-20.26
